
Microsoft Visual Studio Solution File, Format Version 11.00
# Visual C++ Express 2010
Project("{8BC9CEB8-8B4A-11D0-8D11-00A0C91BC942}") = "smth", "smth\smth.vcxproj", "{A3F812EF-BFBC-4928-9698-3EFE7CC97D25}"
EndProject
Global
	GlobalSection(SolutionConfigurationPlatforms) = preSolution
		Debug|Win32 = Debug|Win32
		Release|Win32 = Release|Win32
	EndGlobalSection
	GlobalSection(ProjectConfigurationPlatforms) = postSolution
		{A3F812EF-BFBC-4928-9698-3EFE7CC97D25}.Debug|Win32.ActiveCfg = Debug|Win32
		{A3F812EF-BFBC-4928-9698-3EFE7CC97D25}.Debug|Win32.Build.0 = Debug|Win32
		{A3F812EF-BFBC-4928-9698-3EFE7CC97D25}.Release|Win32.ActiveCfg = Release|Win32
		{A3F812EF-BFBC-4928-9698-3EFE7CC97D25}.Release|Win32.Build.0 = Release|Win32
	EndGlobalSection
	GlobalSection(SolutionProperties) = preSolution
		HideSolutionNode = FALSE
	EndGlobalSection
EndGlobal
