
Microsoft Visual Studio Solution File, Format Version 11.00
# Visual C++ Express 2010
Project("{8BC9CEB8-8B4A-11D0-8D11-00A0C91BC942}") = "task8", "task8\task8.vcxproj", "{A0E3F207-30C3-4E2A-B1E2-777A83B268AE}"
EndProject
Global
	GlobalSection(SolutionConfigurationPlatforms) = preSolution
		Debug|Win32 = Debug|Win32
		Release|Win32 = Release|Win32
	EndGlobalSection
	GlobalSection(ProjectConfigurationPlatforms) = postSolution
		{A0E3F207-30C3-4E2A-B1E2-777A83B268AE}.Debug|Win32.ActiveCfg = Debug|Win32
		{A0E3F207-30C3-4E2A-B1E2-777A83B268AE}.Debug|Win32.Build.0 = Debug|Win32
		{A0E3F207-30C3-4E2A-B1E2-777A83B268AE}.Release|Win32.ActiveCfg = Release|Win32
		{A0E3F207-30C3-4E2A-B1E2-777A83B268AE}.Release|Win32.Build.0 = Release|Win32
	EndGlobalSection
	GlobalSection(SolutionProperties) = preSolution
		HideSolutionNode = FALSE
	EndGlobalSection
EndGlobal
